// !$*UTF8*$!
{
	archiveVersion = 1;
	classes = {
	};
	objectVersion = 56;
	objects = {

/* Begin PBXBuildFile section */
		52D895F32CB7952E003A1DF6 /* UrbanOasisApp.swift in Sources */ = {isa = PBXBuildFile; fileRef = 52D895F22CB7952E003A1DF6 /* UrbanOasisApp.swift */; };
		52D895F72CB79530003A1DF6 /* Assets.xcassets in Resources */ = {isa = PBXBuildFile; fileRef = 52D895F62CB79530003A1DF6 /* Assets.xcassets */; };
		52D895FA2CB79530003A1DF6 /* Preview Assets.xcassets in Resources */ = {isa = PBXBuildFile; fileRef = 52D895F92CB79530003A1DF6 /* Preview Assets.xcassets */; };
		52D896042CB79530003A1DF6 /* UrbanOasisTests.swift in Sources */ = {isa = PBXBuildFile; fileRef = 52D896032CB79530003A1DF6 /* UrbanOasisTests.swift */; };
		52D8960E2CB79530003A1DF6 /* UrbanOasisUITests.swift in Sources */ = {isa = PBXBuildFile; fileRef = 52D8960D2CB79530003A1DF6 /* UrbanOasisUITests.swift */; };
		52D896102CB79530003A1DF6 /* UrbanOasisUITestsLaunchTests.swift in Sources */ = {isa = PBXBuildFile; fileRef = 52D8960F2CB79530003A1DF6 /* UrbanOasisUITestsLaunchTests.swift */; };
		52D8961E2CB79BB4003A1DF6 /* Hotel.swift in Sources */ = {isa = PBXBuildFile; fileRef = 52D8961D2CB79BB4003A1DF6 /* Hotel.swift */; };
		52D896212CB79BE1003A1DF6 /* HotelListView.swift in Sources */ = {isa = PBXBuildFile; fileRef = 52D896202CB79BE1003A1DF6 /* HotelListView.swift */; };
		52D896232CB79C22003A1DF6 /* HotelDetailView.swift in Sources */ = {isa = PBXBuildFile; fileRef = 52D896222CB79C22003A1DF6 /* HotelDetailView.swift */; };
		52D896252CB79C6A003A1DF6 /* ContentView.swift in Sources */ = {isa = PBXBuildFile; fileRef = 52D896242CB79C6A003A1DF6 /* ContentView.swift */; };
		52D896272CBA414D003A1DF6 /* HotelCardView.swift in Sources */ = {isa = PBXBuildFile; fileRef = 52D896262CBA414D003A1DF6 /* HotelCardView.swift */; };
		52D8962A2CBA4283003A1DF6 /* CornerRadiusHelper.swift in Sources */ = {isa = PBXBuildFile; fileRef = 52D896292CBA4283003A1DF6 /* CornerRadiusHelper.swift */; };
		52D8962D2CBA4501003A1DF6 /* HotelViewModel.swift in Sources */ = {isa = PBXBuildFile; fileRef = 52D8962C2CBA4501003A1DF6 /* HotelViewModel.swift */; };
		52D8962F2CBA45C0003A1DF6 /* MapView.swift in Sources */ = {isa = PBXBuildFile; fileRef = 52D8962E2CBA45C0003A1DF6 /* MapView.swift */; };
/* End PBXBuildFile section */

/* Begin PBXContainerItemProxy section */
		52D896002CB79530003A1DF6 /* PBXContainerItemProxy */ = {
			isa = PBXContainerItemProxy;
			containerPortal = 52D895E72CB7952E003A1DF6 /* Project object */;
			proxyType = 1;
			remoteGlobalIDString = 52D895EE2CB7952E003A1DF6;
			remoteInfo = UrbanOasis;
		};
		52D8960A2CB79530003A1DF6 /* PBXContainerItemProxy */ = {
			isa = PBXContainerItemProxy;
			containerPortal = 52D895E72CB7952E003A1DF6 /* Project object */;
			proxyType = 1;
			remoteGlobalIDString = 52D895EE2CB7952E003A1DF6;
			remoteInfo = UrbanOasis;
		};
/* End PBXContainerItemProxy section */

/* Begin PBXFileReference section */
		52D895EF2CB7952E003A1DF6 /* UrbanOasis.app */ = {isa = PBXFileReference; explicitFileType = wrapper.application; includeInIndex = 0; path = UrbanOasis.app; sourceTree = BUILT_PRODUCTS_DIR; };
		52D895F22CB7952E003A1DF6 /* UrbanOasisApp.swift */ = {isa = PBXFileReference; lastKnownFileType = sourcecode.swift; path = UrbanOasisApp.swift; sourceTree = "<group>"; };
		52D895F62CB79530003A1DF6 /* Assets.xcassets */ = {isa = PBXFileReference; lastKnownFileType = folder.assetcatalog; path = Assets.xcassets; sourceTree = "<group>"; };
		52D895F92CB79530003A1DF6 /* Preview Assets.xcassets */ = {isa = PBXFileReference; lastKnownFileType = folder.assetcatalog; path = "Preview Assets.xcassets"; sourceTree = "<group>"; };
		52D895FF2CB79530003A1DF6 /* UrbanOasisTests.xctest */ = {isa = PBXFileReference; explicitFileType = wrapper.cfbundle; includeInIndex = 0; path = UrbanOasisTests.xctest; sourceTree = BUILT_PRODUCTS_DIR; };
		52D896032CB79530003A1DF6 /* UrbanOasisTests.swift */ = {isa = PBXFileReference; lastKnownFileType = sourcecode.swift; path = UrbanOasisTests.swift; sourceTree = "<group>"; };
		52D896092CB79530003A1DF6 /* UrbanOasisUITests.xctest */ = {isa = PBXFileReference; explicitFileType = wrapper.cfbundle; includeInIndex = 0; path = UrbanOasisUITests.xctest; sourceTree = BUILT_PRODUCTS_DIR; };
		52D8960D2CB79530003A1DF6 /* UrbanOasisUITests.swift */ = {isa = PBXFileReference; lastKnownFileType = sourcecode.swift; path = UrbanOasisUITests.swift; sourceTree = "<group>"; };
		52D8960F2CB79530003A1DF6 /* UrbanOasisUITestsLaunchTests.swift */ = {isa = PBXFileReference; lastKnownFileType = sourcecode.swift; path = UrbanOasisUITestsLaunchTests.swift; sourceTree = "<group>"; };
		52D8961D2CB79BB4003A1DF6 /* Hotel.swift */ = {isa = PBXFileReference; lastKnownFileType = sourcecode.swift; path = Hotel.swift; sourceTree = "<group>"; };
		52D896202CB79BE1003A1DF6 /* HotelListView.swift */ = {isa = PBXFileReference; lastKnownFileType = sourcecode.swift; path = HotelListView.swift; sourceTree = "<group>"; };
		52D896222CB79C22003A1DF6 /* HotelDetailView.swift */ = {isa = PBXFileReference; lastKnownFileType = sourcecode.swift; path = HotelDetailView.swift; sourceTree = "<group>"; };
		52D896242CB79C6A003A1DF6 /* ContentView.swift */ = {isa = PBXFileReference; lastKnownFileType = sourcecode.swift; path = ContentView.swift; sourceTree = "<group>"; };
		52D896262CBA414D003A1DF6 /* HotelCardView.swift */ = {isa = PBXFileReference; lastKnownFileType = sourcecode.swift; path = HotelCardView.swift; sourceTree = "<group>"; };
		52D896292CBA4283003A1DF6 /* CornerRadiusHelper.swift */ = {isa = PBXFileReference; lastKnownFileType = sourcecode.swift; path = CornerRadiusHelper.swift; sourceTree = "<group>"; };
		52D8962C2CBA4501003A1DF6 /* HotelViewModel.swift */ = {isa = PBXFileReference; lastKnownFileType = sourcecode.swift; path = HotelViewModel.swift; sourceTree = "<group>"; };
		52D8962E2CBA45C0003A1DF6 /* MapView.swift */ = {isa = PBXFileReference; lastKnownFileType = sourcecode.swift; path = MapView.swift; sourceTree = "<group>"; };
/* End PBXFileReference section */

/* Begin PBXFrameworksBuildPhase section */
		52D895EC2CB7952E003A1DF6 /* Frameworks */ = {
			isa = PBXFrameworksBuildPhase;
			buildActionMask = 2147483647;
			files = (
			);
			runOnlyForDeploymentPostprocessing = 0;
		};
		52D895FC2CB79530003A1DF6 /* Frameworks */ = {
			isa = PBXFrameworksBuildPhase;
			buildActionMask = 2147483647;
			files = (
			);
			runOnlyForDeploymentPostprocessing = 0;
		};
		52D896062CB79530003A1DF6 /* Frameworks */ = {
			isa = PBXFrameworksBuildPhase;
			buildActionMask = 2147483647;
			files = (
			);
			runOnlyForDeploymentPostprocessing = 0;
		};
/* End PBXFrameworksBuildPhase section */

/* Begin PBXGroup section */
		52D895E62CB7952E003A1DF6 = {
			isa = PBXGroup;
			children = (
				52D895F12CB7952E003A1DF6 /* UrbanOasis */,
				52D896022CB79530003A1DF6 /* UrbanOasisTests */,
				52D8960C2CB79530003A1DF6 /* UrbanOasisUITests */,
				52D895F02CB7952E003A1DF6 /* Products */,
			);
			sourceTree = "<group>";
		};
		52D895F02CB7952E003A1DF6 /* Products */ = {
			isa = PBXGroup;
			children = (
				52D895EF2CB7952E003A1DF6 /* UrbanOasis.app */,
				52D895FF2CB79530003A1DF6 /* UrbanOasisTests.xctest */,
				52D896092CB79530003A1DF6 /* UrbanOasisUITests.xctest */,
			);
			name = Products;
			sourceTree = "<group>";
		};
		52D895F12CB7952E003A1DF6 /* UrbanOasis */ = {
			isa = PBXGroup;
			children = (
				52D8962B2CBA44EF003A1DF6 /* HotelViewModel */,
				52D896282CBA4266003A1DF6 /* Helpers */,
				52D8961F2CB79BCE003A1DF6 /* Views */,
				52D8961C2CB79B9D003A1DF6 /* Models */,
				52D895F22CB7952E003A1DF6 /* UrbanOasisApp.swift */,
				52D895F62CB79530003A1DF6 /* Assets.xcassets */,
				52D895F82CB79530003A1DF6 /* Preview Content */,
			);
			path = UrbanOasis;
			sourceTree = "<group>";
		};
		52D895F82CB79530003A1DF6 /* Preview Content */ = {
			isa = PBXGroup;
			children = (
				52D895F92CB79530003A1DF6 /* Preview Assets.xcassets */,
			);
			path = "Preview Content";
			sourceTree = "<group>";
		};
		52D896022CB79530003A1DF6 /* UrbanOasisTests */ = {
			isa = PBXGroup;
			children = (
				52D896032CB79530003A1DF6 /* UrbanOasisTests.swift */,
			);
			path = UrbanOasisTests;
			sourceTree = "<group>";
		};
		52D8960C2CB79530003A1DF6 /* UrbanOasisUITests */ = {
			isa = PBXGroup;
			children = (
				52D8960D2CB79530003A1DF6 /* UrbanOasisUITests.swift */,
				52D8960F2CB79530003A1DF6 /* UrbanOasisUITestsLaunchTests.swift */,
			);
			path = UrbanOasisUITests;
			sourceTree = "<group>";
		};
		52D8961C2CB79B9D003A1DF6 /* Models */ = {
			isa = PBXGroup;
			children = (
				52D8961D2CB79BB4003A1DF6 /* Hotel.swift */,
			);
			path = Models;
			sourceTree = "<group>";
		};
		52D8961F2CB79BCE003A1DF6 /* Views */ = {
			isa = PBXGroup;
			children = (
				52D896222CB79C22003A1DF6 /* HotelDetailView.swift */,
				52D896262CBA414D003A1DF6 /* HotelCardView.swift */,
				52D896202CB79BE1003A1DF6 /* HotelListView.swift */,
				52D896242CB79C6A003A1DF6 /* ContentView.swift */,
				52D8962E2CBA45C0003A1DF6 /* MapView.swift */,
			);
			path = Views;
			sourceTree = "<group>";
		};
		52D896282CBA4266003A1DF6 /* Helpers */ = {
			isa = PBXGroup;
			children = (
				52D896292CBA4283003A1DF6 /* CornerRadiusHelper.swift */,
			);
			path = Helpers;
			sourceTree = "<group>";
		};
		52D8962B2CBA44EF003A1DF6 /* HotelViewModel */ = {
			isa = PBXGroup;
			children = (
				52D8962C2CBA4501003A1DF6 /* HotelViewModel.swift */,
			);
			path = HotelViewModel;
			sourceTree = "<group>";
		};
/* End PBXGroup section */

/* Begin PBXNativeTarget section */
		52D895EE2CB7952E003A1DF6 /* UrbanOasis */ = {
			isa = PBXNativeTarget;
			buildConfigurationList = 52D896132CB79530003A1DF6 /* Build configuration list for PBXNativeTarget "UrbanOasis" */;
			buildPhases = (
				52D895EB2CB7952E003A1DF6 /* Sources */,
				52D895EC2CB7952E003A1DF6 /* Frameworks */,
				52D895ED2CB7952E003A1DF6 /* Resources */,
			);
			buildRules = (
			);
			dependencies = (
			);
			name = UrbanOasis;
			productName = UrbanOasis;
			productReference = 52D895EF2CB7952E003A1DF6 /* UrbanOasis.app */;
			productType = "com.apple.product-type.application";
		};
		52D895FE2CB79530003A1DF6 /* UrbanOasisTests */ = {
			isa = PBXNativeTarget;
			buildConfigurationList = 52D896162CB79530003A1DF6 /* Build configuration list for PBXNativeTarget "UrbanOasisTests" */;
			buildPhases = (
				52D895FB2CB79530003A1DF6 /* Sources */,
				52D895FC2CB79530003A1DF6 /* Frameworks */,
				52D895FD2CB79530003A1DF6 /* Resources */,
			);
			buildRules = (
			);
			dependencies = (
				52D896012CB79530003A1DF6 /* PBXTargetDependency */,
			);
			name = UrbanOasisTests;
			productName = UrbanOasisTests;
			productReference = 52D895FF2CB79530003A1DF6 /* UrbanOasisTests.xctest */;
			productType = "com.apple.product-type.bundle.unit-test";
		};
		52D896082CB79530003A1DF6 /* UrbanOasisUITests */ = {
			isa = PBXNativeTarget;
			buildConfigurationList = 52D896192CB79530003A1DF6 /* Build configuration list for PBXNativeTarget "UrbanOasisUITests" */;
			buildPhases = (
				52D896052CB79530003A1DF6 /* Sources */,
				52D896062CB79530003A1DF6 /* Frameworks */,
				52D896072CB79530003A1DF6 /* Resources */,
			);
			buildRules = (
			);
			dependencies = (
				52D8960B2CB79530003A1DF6 /* PBXTargetDependency */,
			);
			name = UrbanOasisUITests;
			productName = UrbanOasisUITests;
			productReference = 52D896092CB79530003A1DF6 /* UrbanOasisUITests.xctest */;
			productType = "com.apple.product-type.bundle.ui-testing";
		};
/* End PBXNativeTarget section */

/* Begin PBXProject section */
		52D895E72CB7952E003A1DF6 /* Project object */ = {
			isa = PBXProject;
			attributes = {
				BuildIndependentTargetsInParallel = 1;
				LastSwiftUpdateCheck = 1520;
				LastUpgradeCheck = 1520;
				TargetAttributes = {
					52D895EE2CB7952E003A1DF6 = {
						CreatedOnToolsVersion = 15.2;
					};
					52D895FE2CB79530003A1DF6 = {
						CreatedOnToolsVersion = 15.2;
						TestTargetID = 52D895EE2CB7952E003A1DF6;
					};
					52D896082CB79530003A1DF6 = {
						CreatedOnToolsVersion = 15.2;
						TestTargetID = 52D895EE2CB7952E003A1DF6;
					};
				};
			};
			buildConfigurationList = 52D895EA2CB7952E003A1DF6 /* Build configuration list for PBXProject "UrbanOasis" */;
			compatibilityVersion = "Xcode 14.0";
			developmentRegion = en;
			hasScannedForEncodings = 0;
			knownRegions = (
				en,
				Base,
			);
			mainGroup = 52D895E62CB7952E003A1DF6;
			productRefGroup = 52D895F02CB7952E003A1DF6 /* Products */;
			projectDirPath = "";
			projectRoot = "";
			targets = (
				52D895EE2CB7952E003A1DF6 /* UrbanOasis */,
				52D895FE2CB79530003A1DF6 /* UrbanOasisTests */,
				52D896082CB79530003A1DF6 /* UrbanOasisUITests */,
			);
		};
/* End PBXProject section */

/* Begin PBXResourcesBuildPhase section */
		52D895ED2CB7952E003A1DF6 /* Resources */ = {
			isa = PBXResourcesBuildPhase;
			buildActionMask = 2147483647;
			files = (
				52D895FA2CB79530003A1DF6 /* Preview Assets.xcassets in Resources */,
				52D895F72CB79530003A1DF6 /* Assets.xcassets in Resources */,
			);
			runOnlyForDeploymentPostprocessing = 0;
		};
		52D895FD2CB79530003A1DF6 /* Resources */ = {
			isa = PBXResourcesBuildPhase;
			buildActionMask = 2147483647;
			files = (
			);
			runOnlyForDeploymentPostprocessing = 0;
		};
		52D896072CB79530003A1DF6 /* Resources */ = {
			isa = PBXResourcesBuildPhase;
			buildActionMask = 2147483647;
			files = (
			);
			runOnlyForDeploymentPostprocessing = 0;
		};
/* End PBXResourcesBuildPhase section */

/* Begin PBXSourcesBuildPhase section */
		52D895EB2CB7952E003A1DF6 /* Sources */ = {
			isa = PBXSourcesBuildPhase;
			buildActionMask = 2147483647;
			files = (
				52D8961E2CB79BB4003A1DF6 /* Hotel.swift in Sources */,
				52D896272CBA414D003A1DF6 /* HotelCardView.swift in Sources */,
				52D8962A2CBA4283003A1DF6 /* CornerRadiusHelper.swift in Sources */,
				52D896232CB79C22003A1DF6 /* HotelDetailView.swift in Sources */,
				52D896252CB79C6A003A1DF6 /* ContentView.swift in Sources */,
				52D896212CB79BE1003A1DF6 /* HotelListView.swift in Sources */,
				52D895F32CB7952E003A1DF6 /* UrbanOasisApp.swift in Sources */,
				52D8962F2CBA45C0003A1DF6 /* MapView.swift in Sources */,
				52D8962D2CBA4501003A1DF6 /* HotelViewModel.swift in Sources */,
			);
			runOnlyForDeploymentPostprocessing = 0;
		};
		52D895FB2CB79530003A1DF6 /* Sources */ = {
			isa = PBXSourcesBuildPhase;
			buildActionMask = 2147483647;
			files = (
				52D896042CB79530003A1DF6 /* UrbanOasisTests.swift in Sources */,
			);
			runOnlyForDeploymentPostprocessing = 0;
		};
		52D896052CB79530003A1DF6 /* Sources */ = {
			isa = PBXSourcesBuildPhase;
			buildActionMask = 2147483647;
			files = (
				52D8960E2CB79530003A1DF6 /* UrbanOasisUITests.swift in Sources */,
				52D896102CB79530003A1DF6 /* UrbanOasisUITestsLaunchTests.swift in Sources */,
			);
			runOnlyForDeploymentPostprocessing = 0;
		};
/* End PBXSourcesBuildPhase section */

/* Begin PBXTargetDependency section */
		52D896012CB79530003A1DF6 /* PBXTargetDependency */ = {
			isa = PBXTargetDependency;
			target = 52D895EE2CB7952E003A1DF6 /* UrbanOasis */;
			targetProxy = 52D896002CB79530003A1DF6 /* PBXContainerItemProxy */;
		};
		52D8960B2CB79530003A1DF6 /* PBXTargetDependency */ = {
			isa = PBXTargetDependency;
			target = 52D895EE2CB7952E003A1DF6 /* UrbanOasis */;
			targetProxy = 52D8960A2CB79530003A1DF6 /* PBXContainerItemProxy */;
		};
/* End PBXTargetDependency section */

/* Begin XCBuildConfiguration section */
		52D896112CB79530003A1DF6 /* Debug */ = {
			isa = XCBuildConfiguration;
			buildSettings = {
				ALWAYS_SEARCH_USER_PATHS = NO;
				ASSETCATALOG_COMPILER_GENERATE_SWIFT_ASSET_SYMBOL_EXTENSIONS = YES;
				CLANG_ANALYZER_NONNULL = YES;
				CLANG_ANALYZER_NUMBER_OBJECT_CONVERSION = YES_AGGRESSIVE;
				CLANG_CXX_LANGUAGE_STANDARD = "gnu++20";
				CLANG_ENABLE_MODULES = YES;
				CLANG_ENABLE_OBJC_ARC = YES;
				CLANG_ENABLE_OBJC_WEAK = YES;
				CLANG_WARN_BLOCK_CAPTURE_AUTORELEASING = YES;
				CLANG_WARN_BOOL_CONVERSION = YES;
				CLANG_WARN_COMMA = YES;
				CLANG_WARN_CONSTANT_CONVERSION = YES;
				CLANG_WARN_DEPRECATED_OBJC_IMPLEMENTATIONS = YES;
				CLANG_WARN_DIRECT_OBJC_ISA_USAGE = YES_ERROR;
				CLANG_WARN_DOCUMENTATION_COMMENTS = YES;
				CLANG_WARN_EMPTY_BODY = YES;
				CLANG_WARN_ENUM_CONVERSION = YES;
				CLANG_WARN_INFINITE_RECURSION = YES;
				CLANG_WARN_INT_CONVERSION = YES;
				CLANG_WARN_NON_LITERAL_NULL_CONVERSION = YES;
				CLANG_WARN_OBJC_IMPLICIT_RETAIN_SELF = YES;
				CLANG_WARN_OBJC_LITERAL_CONVERSION = YES;
				CLANG_WARN_OBJC_ROOT_CLASS = YES_ERROR;
				CLANG_WARN_QUOTED_INCLUDE_IN_FRAMEWORK_HEADER = YES;
				CLANG_WARN_RANGE_LOOP_ANALYSIS = YES;
				CLANG_WARN_STRICT_PROTOTYPES = YES;
				CLANG_WARN_SUSPICIOUS_MOVE = YES;
				CLANG_WARN_UNGUARDED_AVAILABILITY = YES_AGGRESSIVE;
				CLANG_WARN_UNREACHABLE_CODE = YES;
				CLANG_WARN__DUPLICATE_METHOD_MATCH = YES;
				COPY_PHASE_STRIP = NO;
				DEBUG_INFORMATION_FORMAT = dwarf;
				ENABLE_STRICT_OBJC_MSGSEND = YES;
				ENABLE_TESTABILITY = YES;
				ENABLE_USER_SCRIPT_SANDBOXING = YES;
				GCC_C_LANGUAGE_STANDARD = gnu17;
				GCC_DYNAMIC_NO_PIC = NO;
				GCC_NO_COMMON_BLOCKS = YES;
				GCC_OPTIMIZATION_LEVEL = 0;
				GCC_PREPROCESSOR_DEFINITIONS = (
					"DEBUG=1",
					"$(inherited)",
				);
				GCC_WARN_64_TO_32_BIT_CONVERSION = YES;
				GCC_WARN_ABOUT_RETURN_TYPE = YES_ERROR;
				GCC_WARN_UNDECLARED_SELECTOR = YES;
				GCC_WARN_UNINITIALIZED_AUTOS = YES_AGGRESSIVE;
				GCC_WARN_UNUSED_FUNCTION = YES;
				GCC_WARN_UNUSED_VARIABLE = YES;
				IPHONEOS_DEPLOYMENT_TARGET = 17.2;
				LOCALIZATION_PREFERS_STRING_CATALOGS = YES;
				MTL_ENABLE_DEBUG_INFO = INCLUDE_SOURCE;
				MTL_FAST_MATH = YES;
				ONLY_ACTIVE_ARCH = YES;
				SDKROOT = iphoneos;
				SWIFT_ACTIVE_COMPILATION_CONDITIONS = "DEBUG $(inherited)";
				SWIFT_OPTIMIZATION_LEVEL = "-Onone";
			};
			name = Debug;
		};
		52D896122CB79530003A1DF6 /* Release */ = {
			isa = XCBuildConfiguration;
			buildSettings = {
				ALWAYS_SEARCH_USER_PATHS = NO;
				ASSETCATALOG_COMPILER_GENERATE_SWIFT_ASSET_SYMBOL_EXTENSIONS = YES;
				CLANG_ANALYZER_NONNULL = YES;
				CLANG_ANALYZER_NUMBER_OBJECT_CONVERSION = YES_AGGRESSIVE;
				CLANG_CXX_LANGUAGE_STANDARD = "gnu++20";
				CLANG_ENABLE_MODULES = YES;
				CLANG_ENABLE_OBJC_ARC = YES;
				CLANG_ENABLE_OBJC_WEAK = YES;
				CLANG_WARN_BLOCK_CAPTURE_AUTORELEASING = YES;
				CLANG_WARN_BOOL_CONVERSION = YES;
				CLANG_WARN_COMMA = YES;
				CLANG_WARN_CONSTANT_CONVERSION = YES;
				CLANG_WARN_DEPRECATED_OBJC_IMPLEMENTATIONS = YES;
				CLANG_WARN_DIRECT_OBJC_ISA_USAGE = YES_ERROR;
				CLANG_WARN_DOCUMENTATION_COMMENTS = YES;
				CLANG_WARN_EMPTY_BODY = YES;
				CLANG_WARN_ENUM_CONVERSION = YES;
				CLANG_WARN_INFINITE_RECURSION = YES;
				CLANG_WARN_INT_CONVERSION = YES;
				CLANG_WARN_NON_LITERAL_NULL_CONVERSION = YES;
				CLANG_WARN_OBJC_IMPLICIT_RETAIN_SELF = YES;
				CLANG_WARN_OBJC_LITERAL_CONVERSION = YES;
				CLANG_WARN_OBJC_ROOT_CLASS = YES_ERROR;
				CLANG_WARN_QUOTED_INCLUDE_IN_FRAMEWORK_HEADER = YES;
				CLANG_WARN_RANGE_LOOP_ANALYSIS = YES;
				CLANG_WARN_STRICT_PROTOTYPES = YES;
				CLANG_WARN_SUSPICIOUS_MOVE = YES;
				CLANG_WARN_UNGUARDED_AVAILABILITY = YES_AGGRESSIVE;
				CLANG_WARN_UNREACHABLE_CODE = YES;
				CLANG_WARN__DUPLICATE_METHOD_MATCH = YES;
				COPY_PHASE_STRIP = NO;
				DEBUG_INFORMATION_FORMAT = "dwarf-with-dsym";
				ENABLE_NS_ASSERTIONS = NO;
				ENABLE_STRICT_OBJC_MSGSEND = YES;
				ENABLE_USER_SCRIPT_SANDBOXING = YES;
				GCC_C_LANGUAGE_STANDARD = gnu17;
				GCC_NO_COMMON_BLOCKS = YES;
				GCC_WARN_64_TO_32_BIT_CONVERSION = YES;
				GCC_WARN_ABOUT_RETURN_TYPE = YES_ERROR;
				GCC_WARN_UNDECLARED_SELECTOR = YES;
				GCC_WARN_UNINITIALIZED_AUTOS = YES_AGGRESSIVE;
				GCC_WARN_UNUSED_FUNCTION = YES;
				GCC_WARN_UNUSED_VARIABLE = YES;
				IPHONEOS_DEPLOYMENT_TARGET = 17.2;
				LOCALIZATION_PREFERS_STRING_CATALOGS = YES;
				MTL_ENABLE_DEBUG_INFO = NO;
				MTL_FAST_MATH = YES;
				SDKROOT = iphoneos;
				SWIFT_COMPILATION_MODE = wholemodule;
				VALIDATE_PRODUCT = YES;
			};
			name = Release;
		};
		52D896142CB79530003A1DF6 /* Debug */ = {
			isa = XCBuildConfiguration;
			buildSettings = {
				ASSETCATALOG_COMPILER_APPICON_NAME = AppIcon;
				ASSETCATALOG_COMPILER_GLOBAL_ACCENT_COLOR_NAME = AccentColor;
				CODE_SIGN_STYLE = Automatic;
				CURRENT_PROJECT_VERSION = 1;
				DEVELOPMENT_ASSET_PATHS = "\"UrbanOasis/Preview Content\"";
				DEVELOPMENT_TEAM = 32Y8A5P252;
				ENABLE_PREVIEWS = YES;
				GENERATE_INFOPLIST_FILE = YES;
				INFOPLIST_KEY_UIApplicationSceneManifest_Generation = YES;
				INFOPLIST_KEY_UIApplicationSupportsIndirectInputEvents = YES;
				INFOPLIST_KEY_UILaunchScreen_Generation = YES;
				INFOPLIST_KEY_UISupportedInterfaceOrientations_iPad = "UIInterfaceOrientationPortrait UIInterfaceOrientationPortraitUpsideDown UIInterfaceOrientationLandscapeLeft UIInterfaceOrientationLandscapeRight";
				INFOPLIST_KEY_UISupportedInterfaceOrientations_iPhone = "UIInterfaceOrientationPortrait UIInterfaceOrientationLandscapeLeft UIInterfaceOrientationLandscapeRight";
				LD_RUNPATH_SEARCH_PATHS = (
					"$(inherited)",
					"@executable_path/Frameworks",
				);
				MARKETING_VERSION = 1.0;
				PRODUCT_BUNDLE_IDENTIFIER = ch.UrbanOasis;
				PRODUCT_NAME = "$(TARGET_NAME)";
				SWIFT_EMIT_LOC_STRINGS = YES;
				SWIFT_VERSION = 5.0;
				TARGETED_DEVICE_FAMILY = "1,2";
			};
			name = Debug;
		};
		52D896152CB79530003A1DF6 /* Release */ = {
			isa = XCBuildConfiguration;
			buildSettings = {
				ASSETCATALOG_COMPILER_APPICON_NAME = AppIcon;
				ASSETCATALOG_COMPILER_GLOBAL_ACCENT_COLOR_NAME = AccentColor;
				CODE_SIGN_STYLE = Automatic;
				CURRENT_PROJECT_VERSION = 1;
				DEVELOPMENT_ASSET_PATHS = "\"UrbanOasis/Preview Content\"";
				DEVELOPMENT_TEAM = 32Y8A5P252;
				ENABLE_PREVIEWS = YES;
				GENERATE_INFOPLIST_FILE = YES;
				INFOPLIST_KEY_UIApplicationSceneManifest_Generation = YES;
				INFOPLIST_KEY_UIApplicationSupportsIndirectInputEvents = YES;
				INFOPLIST_KEY_UILaunchScreen_Generation = YES;
				INFOPLIST_KEY_UISupportedInterfaceOrientations_iPad = "UIInterfaceOrientationPortrait UIInterfaceOrientationPortraitUpsideDown UIInterfaceOrientationLandscapeLeft UIInterfaceOrientationLandscapeRight";
				INFOPLIST_KEY_UISupportedInterfaceOrientations_iPhone = "UIInterfaceOrientationPortrait UIInterfaceOrientationLandscapeLeft UIInterfaceOrientationLandscapeRight";
				LD_RUNPATH_SEARCH_PATHS = (
					"$(inherited)",
					"@executable_path/Frameworks",
				);
				MARKETING_VERSION = 1.0;
				PRODUCT_BUNDLE_IDENTIFIER = ch.UrbanOasis;
				PRODUCT_NAME = "$(TARGET_NAME)";
				SWIFT_EMIT_LOC_STRINGS = YES;
				SWIFT_VERSION = 5.0;
				TARGETED_DEVICE_FAMILY = "1,2";
			};
			name = Release;
		};
		52D896172CB79530003A1DF6 /* Debug */ = {
			isa = XCBuildConfiguration;
			buildSettings = {
				ALWAYS_EMBED_SWIFT_STANDARD_LIBRARIES = YES;
				BUNDLE_LOADER = "$(TEST_HOST)";
				CODE_SIGN_STYLE = Automatic;
				CURRENT_PROJECT_VERSION = 1;
				GENERATE_INFOPLIST_FILE = YES;
				IPHONEOS_DEPLOYMENT_TARGET = 17.2;
				MARKETING_VERSION = 1.0;
				PRODUCT_BUNDLE_IDENTIFIER = ch.UrbanOasisTests;
				PRODUCT_NAME = "$(TARGET_NAME)";
				SWIFT_EMIT_LOC_STRINGS = NO;
				SWIFT_VERSION = 5.0;
				TARGETED_DEVICE_FAMILY = "1,2";
				TEST_HOST = "$(BUILT_PRODUCTS_DIR)/UrbanOasis.app/$(BUNDLE_EXECUTABLE_FOLDER_PATH)/UrbanOasis";
			};
			name = Debug;
		};
		52D896182CB79530003A1DF6 /* Release */ = {
			isa = XCBuildConfiguration;
			buildSettings = {
				ALWAYS_EMBED_SWIFT_STANDARD_LIBRARIES = YES;
				BUNDLE_LOADER = "$(TEST_HOST)";
				CODE_SIGN_STYLE = Automatic;
				CURRENT_PROJECT_VERSION = 1;
				GENERATE_INFOPLIST_FILE = YES;
				IPHONEOS_DEPLOYMENT_TARGET = 17.2;
				MARKETING_VERSION = 1.0;
				PRODUCT_BUNDLE_IDENTIFIER = ch.UrbanOasisTests;
				PRODUCT_NAME = "$(TARGET_NAME)";
				SWIFT_EMIT_LOC_STRINGS = NO;
				SWIFT_VERSION = 5.0;
				TARGETED_DEVICE_FAMILY = "1,2";
				TEST_HOST = "$(BUILT_PRODUCTS_DIR)/UrbanOasis.app/$(BUNDLE_EXECUTABLE_FOLDER_PATH)/UrbanOasis";
			};
			name = Release;
		};
		52D8961A2CB79530003A1DF6 /* Debug */ = {
			isa = XCBuildConfiguration;
			buildSettings = {
				ALWAYS_EMBED_SWIFT_STANDARD_LIBRARIES = YES;
				CODE_SIGN_STYLE = Automatic;
				CURRENT_PROJECT_VERSION = 1;
				GENERATE_INFOPLIST_FILE = YES;
				MARKETING_VERSION = 1.0;
				PRODUCT_BUNDLE_IDENTIFIER = ch.UrbanOasisUITests;
				PRODUCT_NAME = "$(TARGET_NAME)";
				SWIFT_EMIT_LOC_STRINGS = NO;
				SWIFT_VERSION = 5.0;
				TARGETED_DEVICE_FAMILY = "1,2";
				TEST_TARGET_NAME = UrbanOasis;
			};
			name = Debug;
		};
		52D8961B2CB79530003A1DF6 /* Release */ = {
			isa = XCBuildConfiguration;
			buildSettings = {
				ALWAYS_EMBED_SWIFT_STANDARD_LIBRARIES = YES;
				CODE_SIGN_STYLE = Automatic;
				CURRENT_PROJECT_VERSION = 1;
				GENERATE_INFOPLIST_FILE = YES;
				MARKETING_VERSION = 1.0;
				PRODUCT_BUNDLE_IDENTIFIER = ch.UrbanOasisUITests;
				PRODUCT_NAME = "$(TARGET_NAME)";
				SWIFT_EMIT_LOC_STRINGS = NO;
				SWIFT_VERSION = 5.0;
				TARGETED_DEVICE_FAMILY = "1,2";
				TEST_TARGET_NAME = UrbanOasis;
			};
			name = Release;
		};
/* End XCBuildConfiguration section */

/* Begin XCConfigurationList section */
		52D895EA2CB7952E003A1DF6 /* Build configuration list for PBXProject "UrbanOasis" */ = {
			isa = XCConfigurationList;
			buildConfigurations = (
				52D896112CB79530003A1DF6 /* Debug */,
				52D896122CB79530003A1DF6 /* Release */,
			);
			defaultConfigurationIsVisible = 0;
			defaultConfigurationName = Release;
		};
		52D896132CB79530003A1DF6 /* Build configuration list for PBXNativeTarget "UrbanOasis" */ = {
			isa = XCConfigurationList;
			buildConfigurations = (
				52D896142CB79530003A1DF6 /* Debug */,
				52D896152CB79530003A1DF6 /* Release */,
			);
			defaultConfigurationIsVisible = 0;
			defaultConfigurationName = Release;
		};
		52D896162CB79530003A1DF6 /* Build configuration list for PBXNativeTarget "UrbanOasisTests" */ = {
			isa = XCConfigurationList;
			buildConfigurations = (
				52D896172CB79530003A1DF6 /* Debug */,
				52D896182CB79530003A1DF6 /* Release */,
			);
			defaultConfigurationIsVisible = 0;
			defaultConfigurationName = Release;
		};
		52D896192CB79530003A1DF6 /* Build configuration list for PBXNativeTarget "UrbanOasisUITests" */ = {
			isa = XCConfigurationList;
			buildConfigurations = (
				52D8961A2CB79530003A1DF6 /* Debug */,
				52D8961B2CB79530003A1DF6 /* Release */,
			);
			defaultConfigurationIsVisible = 0;
			defaultConfigurationName = Release;
		};
/* End XCConfigurationList section */
	};
	rootObject = 52D895E72CB7952E003A1DF6 /* Project object */;
}
